
Microsoft Visual Studio Solution File, Format Version 12.00
# Visual Studio Version 17
VisualStudioVersion = 17.7.34221.43
MinimumVisualStudioVersion = 10.0.40219.1
Project("{FAE04EC0-301F-11D3-BF4B-00C04F79EFBC}") = "FizzBuzzAPI", "FizzBuzzAPI\FizzBuzzAPI.csproj", "{3E9356D3-2298-4FBA-B06E-A9F328026490}"
EndProject
Project("{FAE04EC0-301F-11D3-BF4B-00C04F79EFBC}") = "FizzBuzzNUnitTesting", "FizzBuzzNUnitTesting\FizzBuzzNUnitTesting.csproj", "{DABE1620-3EEF-4C2B-9850-2F210DDA0C78}"
EndProject
Project("{FAE04EC0-301F-11D3-BF4B-00C04F79EFBC}") = "FizzBuzzMoqTesting", "M_Test\FizzBuzzMoqTesting.csproj", "{06B241B8-F292-48D3-A718-B7F3B7ABCA54}"
EndProject
Global
	GlobalSection(SolutionConfigurationPlatforms) = preSolution
		Debug|Any CPU = Debug|Any CPU
		Release|Any CPU = Release|Any CPU
	EndGlobalSection
	GlobalSection(ProjectConfigurationPlatforms) = postSolution
		{3E9356D3-2298-4FBA-B06E-A9F328026490}.Debug|Any CPU.ActiveCfg = Debug|Any CPU
		{3E9356D3-2298-4FBA-B06E-A9F328026490}.Debug|Any CPU.Build.0 = Debug|Any CPU
		{3E9356D3-2298-4FBA-B06E-A9F328026490}.Release|Any CPU.ActiveCfg = Release|Any CPU
		{3E9356D3-2298-4FBA-B06E-A9F328026490}.Release|Any CPU.Build.0 = Release|Any CPU
		{DABE1620-3EEF-4C2B-9850-2F210DDA0C78}.Debug|Any CPU.ActiveCfg = Debug|Any CPU
		{DABE1620-3EEF-4C2B-9850-2F210DDA0C78}.Debug|Any CPU.Build.0 = Debug|Any CPU
		{DABE1620-3EEF-4C2B-9850-2F210DDA0C78}.Release|Any CPU.ActiveCfg = Release|Any CPU
		{DABE1620-3EEF-4C2B-9850-2F210DDA0C78}.Release|Any CPU.Build.0 = Release|Any CPU
		{06B241B8-F292-48D3-A718-B7F3B7ABCA54}.Debug|Any CPU.ActiveCfg = Debug|Any CPU
		{06B241B8-F292-48D3-A718-B7F3B7ABCA54}.Debug|Any CPU.Build.0 = Debug|Any CPU
		{06B241B8-F292-48D3-A718-B7F3B7ABCA54}.Release|Any CPU.ActiveCfg = Release|Any CPU
		{06B241B8-F292-48D3-A718-B7F3B7ABCA54}.Release|Any CPU.Build.0 = Release|Any CPU
	EndGlobalSection
	GlobalSection(SolutionProperties) = preSolution
		HideSolutionNode = FALSE
	EndGlobalSection
	GlobalSection(ExtensibilityGlobals) = postSolution
		SolutionGuid = {680B2E55-7CD7-4B02-90C3-5AF1B86761A7}
	EndGlobalSection
EndGlobal
